
Microsoft Visual Studio Solution File, Format Version 12.00
# Visual Studio 15
VisualStudioVersion = 15.0.26730.16
MinimumVisualStudioVersion = 10.0.40219.1
Project("{FAE04EC0-301F-11D3-BF4B-00C04F79EFBC}") = "Server status", "Server status\Server status.csproj", "{CF91D4EE-25D5-4F7F-9963-0A9152787359}"
EndProject
Global
	GlobalSection(SolutionConfigurationPlatforms) = preSolution
		Debug|ARM = Debug|ARM
		Debug|x64 = Debug|x64
		Debug|x86 = Debug|x86
		Release|ARM = Release|ARM
		Release|x64 = Release|x64
		Release|x86 = Release|x86
	EndGlobalSection
	GlobalSection(ProjectConfigurationPlatforms) = postSolution
		{CF91D4EE-25D5-4F7F-9963-0A9152787359}.Debug|ARM.ActiveCfg = Debug|ARM
		{CF91D4EE-25D5-4F7F-9963-0A9152787359}.Debug|ARM.Build.0 = Debug|ARM
		{CF91D4EE-25D5-4F7F-9963-0A9152787359}.Debug|ARM.Deploy.0 = Debug|ARM
		{CF91D4EE-25D5-4F7F-9963-0A9152787359}.Debug|x64.ActiveCfg = Debug|x64
		{CF91D4EE-25D5-4F7F-9963-0A9152787359}.Debug|x64.Build.0 = Debug|x64
		{CF91D4EE-25D5-4F7F-9963-0A9152787359}.Debug|x64.Deploy.0 = Debug|x64
		{CF91D4EE-25D5-4F7F-9963-0A9152787359}.Debug|x86.ActiveCfg = Debug|x86
		{CF91D4EE-25D5-4F7F-9963-0A9152787359}.Debug|x86.Build.0 = Debug|x86
		{CF91D4EE-25D5-4F7F-9963-0A9152787359}.Debug|x86.Deploy.0 = Debug|x86
		{CF91D4EE-25D5-4F7F-9963-0A9152787359}.Release|ARM.ActiveCfg = Release|ARM
		{CF91D4EE-25D5-4F7F-9963-0A9152787359}.Release|ARM.Build.0 = Release|ARM
		{CF91D4EE-25D5-4F7F-9963-0A9152787359}.Release|ARM.Deploy.0 = Release|ARM
		{CF91D4EE-25D5-4F7F-9963-0A9152787359}.Release|x64.ActiveCfg = Release|x64
		{CF91D4EE-25D5-4F7F-9963-0A9152787359}.Release|x64.Build.0 = Release|x64
		{CF91D4EE-25D5-4F7F-9963-0A9152787359}.Release|x64.Deploy.0 = Release|x64
		{CF91D4EE-25D5-4F7F-9963-0A9152787359}.Release|x86.ActiveCfg = Release|x86
		{CF91D4EE-25D5-4F7F-9963-0A9152787359}.Release|x86.Build.0 = Release|x86
		{CF91D4EE-25D5-4F7F-9963-0A9152787359}.Release|x86.Deploy.0 = Release|x86
	EndGlobalSection
	GlobalSection(SolutionProperties) = preSolution
		HideSolutionNode = FALSE
	EndGlobalSection
	GlobalSection(ExtensibilityGlobals) = postSolution
		SolutionGuid = {BEE77000-6ECE-4486-B82C-ED29319D4E48}
	EndGlobalSection
EndGlobal
